
Microsoft Visual Studio Solution File, Format Version 12.00
# Visual Studio Version 16
VisualStudioVersion = 16.0.31729.503
MinimumVisualStudioVersion = 10.0.40219.1
Project("{9A19103F-16F7-4668-BE54-9A1E7A4F7556}") = "Coffe.Console", "CoffeSoftware.Console\Coffe.Console.csproj", "{0181180D-3C8B-40AA-8B36-29B2A98F8073}"
EndProject
Project("{9A19103F-16F7-4668-BE54-9A1E7A4F7556}") = "Coffe.Infrastructure", "CoffeSoftware.Infrastructure\Coffe.Infrastructure.csproj", "{783A0611-0614-4A46-86C3-890D75C25989}"
EndProject
Project("{9A19103F-16F7-4668-BE54-9A1E7A4F7556}") = "Coffe.Domain", "Coffe.Domain\Coffe.Domain.csproj", "{DD96B82F-0E68-40AB-8EFD-BD5145B311CB}"
EndProject
Global
	GlobalSection(SolutionConfigurationPlatforms) = preSolution
		Debug|Any CPU = Debug|Any CPU
		Release|Any CPU = Release|Any CPU
	EndGlobalSection
	GlobalSection(ProjectConfigurationPlatforms) = postSolution
		{0181180D-3C8B-40AA-8B36-29B2A98F8073}.Debug|Any CPU.ActiveCfg = Debug|Any CPU
		{0181180D-3C8B-40AA-8B36-29B2A98F8073}.Debug|Any CPU.Build.0 = Debug|Any CPU
		{0181180D-3C8B-40AA-8B36-29B2A98F8073}.Release|Any CPU.ActiveCfg = Release|Any CPU
		{0181180D-3C8B-40AA-8B36-29B2A98F8073}.Release|Any CPU.Build.0 = Release|Any CPU
		{783A0611-0614-4A46-86C3-890D75C25989}.Debug|Any CPU.ActiveCfg = Debug|Any CPU
		{783A0611-0614-4A46-86C3-890D75C25989}.Debug|Any CPU.Build.0 = Debug|Any CPU
		{783A0611-0614-4A46-86C3-890D75C25989}.Release|Any CPU.ActiveCfg = Release|Any CPU
		{783A0611-0614-4A46-86C3-890D75C25989}.Release|Any CPU.Build.0 = Release|Any CPU
		{DD96B82F-0E68-40AB-8EFD-BD5145B311CB}.Debug|Any CPU.ActiveCfg = Debug|Any CPU
		{DD96B82F-0E68-40AB-8EFD-BD5145B311CB}.Debug|Any CPU.Build.0 = Debug|Any CPU
		{DD96B82F-0E68-40AB-8EFD-BD5145B311CB}.Release|Any CPU.ActiveCfg = Release|Any CPU
		{DD96B82F-0E68-40AB-8EFD-BD5145B311CB}.Release|Any CPU.Build.0 = Release|Any CPU
	EndGlobalSection
	GlobalSection(SolutionProperties) = preSolution
		HideSolutionNode = FALSE
	EndGlobalSection
	GlobalSection(ExtensibilityGlobals) = postSolution
		SolutionGuid = {CC3CD243-17C9-4F3E-A21D-13C2D7F10434}
	EndGlobalSection
EndGlobal
