
Microsoft Visual Studio Solution File, Format Version 12.00
# Visual Studio Version 16
VisualStudioVersion = 16.0.31729.503
MinimumVisualStudioVersion = 10.0.40219.1
Project("{9A19103F-16F7-4668-BE54-9A1E7A4F7556}") = "Coffe.Console", "CoffeSoftware.Console\Coffe.Console.csproj", "{0181180D-3C8B-40AA-8B36-29B2A98F8073}"
EndProject
Project("{9A19103F-16F7-4668-BE54-9A1E7A4F7556}") = "Coffe.Infrastructure", "CoffeSoftware.Infrastructure\Coffe.Infrastructure.csproj", "{783A0611-0614-4A46-86C3-890D75C25989}"
EndProject
Project("{9A19103F-16F7-4668-BE54-9A1E7A4F7556}") = "Coffe.Domain", "Coffe.Domain\Coffe.Domain.csproj", "{DD96B82F-0E68-40AB-8EFD-BD5145B311CB}"
EndProject
Project("{FAE04EC0-301F-11D3-BF4B-00C04F79EFBC}") = "Coffee.Uwp", "Coffee.Uwp\Coffee.Uwp.csproj", "{79C30B0B-721A-449D-A583-92107FFABCAA}"
EndProject
Global
	GlobalSection(SolutionConfigurationPlatforms) = preSolution
		Debug|Any CPU = Debug|Any CPU
		Debug|ARM = Debug|ARM
		Debug|ARM64 = Debug|ARM64
		Debug|x64 = Debug|x64
		Debug|x86 = Debug|x86
		Release|Any CPU = Release|Any CPU
		Release|ARM = Release|ARM
		Release|ARM64 = Release|ARM64
		Release|x64 = Release|x64
		Release|x86 = Release|x86
	EndGlobalSection
	GlobalSection(ProjectConfigurationPlatforms) = postSolution
		{0181180D-3C8B-40AA-8B36-29B2A98F8073}.Debug|Any CPU.ActiveCfg = Debug|Any CPU
		{0181180D-3C8B-40AA-8B36-29B2A98F8073}.Debug|Any CPU.Build.0 = Debug|Any CPU
		{0181180D-3C8B-40AA-8B36-29B2A98F8073}.Debug|ARM.ActiveCfg = Debug|Any CPU
		{0181180D-3C8B-40AA-8B36-29B2A98F8073}.Debug|ARM.Build.0 = Debug|Any CPU
		{0181180D-3C8B-40AA-8B36-29B2A98F8073}.Debug|ARM64.ActiveCfg = Debug|Any CPU
		{0181180D-3C8B-40AA-8B36-29B2A98F8073}.Debug|ARM64.Build.0 = Debug|Any CPU
		{0181180D-3C8B-40AA-8B36-29B2A98F8073}.Debug|x64.ActiveCfg = Debug|Any CPU
		{0181180D-3C8B-40AA-8B36-29B2A98F8073}.Debug|x64.Build.0 = Debug|Any CPU
		{0181180D-3C8B-40AA-8B36-29B2A98F8073}.Debug|x86.ActiveCfg = Debug|Any CPU
		{0181180D-3C8B-40AA-8B36-29B2A98F8073}.Debug|x86.Build.0 = Debug|Any CPU
		{0181180D-3C8B-40AA-8B36-29B2A98F8073}.Release|Any CPU.ActiveCfg = Release|Any CPU
		{0181180D-3C8B-40AA-8B36-29B2A98F8073}.Release|Any CPU.Build.0 = Release|Any CPU
		{0181180D-3C8B-40AA-8B36-29B2A98F8073}.Release|ARM.ActiveCfg = Release|Any CPU
		{0181180D-3C8B-40AA-8B36-29B2A98F8073}.Release|ARM.Build.0 = Release|Any CPU
		{0181180D-3C8B-40AA-8B36-29B2A98F8073}.Release|ARM64.ActiveCfg = Release|Any CPU
		{0181180D-3C8B-40AA-8B36-29B2A98F8073}.Release|ARM64.Build.0 = Release|Any CPU
		{0181180D-3C8B-40AA-8B36-29B2A98F8073}.Release|x64.ActiveCfg = Release|Any CPU
		{0181180D-3C8B-40AA-8B36-29B2A98F8073}.Release|x64.Build.0 = Release|Any CPU
		{0181180D-3C8B-40AA-8B36-29B2A98F8073}.Release|x86.ActiveCfg = Release|Any CPU
		{0181180D-3C8B-40AA-8B36-29B2A98F8073}.Release|x86.Build.0 = Release|Any CPU
		{783A0611-0614-4A46-86C3-890D75C25989}.Debug|Any CPU.ActiveCfg = Debug|Any CPU
		{783A0611-0614-4A46-86C3-890D75C25989}.Debug|Any CPU.Build.0 = Debug|Any CPU
		{783A0611-0614-4A46-86C3-890D75C25989}.Debug|ARM.ActiveCfg = Debug|Any CPU
		{783A0611-0614-4A46-86C3-890D75C25989}.Debug|ARM.Build.0 = Debug|Any CPU
		{783A0611-0614-4A46-86C3-890D75C25989}.Debug|ARM64.ActiveCfg = Debug|Any CPU
		{783A0611-0614-4A46-86C3-890D75C25989}.Debug|ARM64.Build.0 = Debug|Any CPU
		{783A0611-0614-4A46-86C3-890D75C25989}.Debug|x64.ActiveCfg = Debug|Any CPU
		{783A0611-0614-4A46-86C3-890D75C25989}.Debug|x64.Build.0 = Debug|Any CPU
		{783A0611-0614-4A46-86C3-890D75C25989}.Debug|x86.ActiveCfg = Debug|Any CPU
		{783A0611-0614-4A46-86C3-890D75C25989}.Debug|x86.Build.0 = Debug|Any CPU
		{783A0611-0614-4A46-86C3-890D75C25989}.Release|Any CPU.ActiveCfg = Release|Any CPU
		{783A0611-0614-4A46-86C3-890D75C25989}.Release|Any CPU.Build.0 = Release|Any CPU
		{783A0611-0614-4A46-86C3-890D75C25989}.Release|ARM.ActiveCfg = Release|Any CPU
		{783A0611-0614-4A46-86C3-890D75C25989}.Release|ARM.Build.0 = Release|Any CPU
		{783A0611-0614-4A46-86C3-890D75C25989}.Release|ARM64.ActiveCfg = Release|Any CPU
		{783A0611-0614-4A46-86C3-890D75C25989}.Release|ARM64.Build.0 = Release|Any CPU
		{783A0611-0614-4A46-86C3-890D75C25989}.Release|x64.ActiveCfg = Release|Any CPU
		{783A0611-0614-4A46-86C3-890D75C25989}.Release|x64.Build.0 = Release|Any CPU
		{783A0611-0614-4A46-86C3-890D75C25989}.Release|x86.ActiveCfg = Release|Any CPU
		{783A0611-0614-4A46-86C3-890D75C25989}.Release|x86.Build.0 = Release|Any CPU
		{DD96B82F-0E68-40AB-8EFD-BD5145B311CB}.Debug|Any CPU.ActiveCfg = Debug|Any CPU
		{DD96B82F-0E68-40AB-8EFD-BD5145B311CB}.Debug|Any CPU.Build.0 = Debug|Any CPU
		{DD96B82F-0E68-40AB-8EFD-BD5145B311CB}.Debug|ARM.ActiveCfg = Debug|Any CPU
		{DD96B82F-0E68-40AB-8EFD-BD5145B311CB}.Debug|ARM.Build.0 = Debug|Any CPU
		{DD96B82F-0E68-40AB-8EFD-BD5145B311CB}.Debug|ARM64.ActiveCfg = Debug|Any CPU
		{DD96B82F-0E68-40AB-8EFD-BD5145B311CB}.Debug|ARM64.Build.0 = Debug|Any CPU
		{DD96B82F-0E68-40AB-8EFD-BD5145B311CB}.Debug|x64.ActiveCfg = Debug|Any CPU
		{DD96B82F-0E68-40AB-8EFD-BD5145B311CB}.Debug|x64.Build.0 = Debug|Any CPU
		{DD96B82F-0E68-40AB-8EFD-BD5145B311CB}.Debug|x86.ActiveCfg = Debug|Any CPU
		{DD96B82F-0E68-40AB-8EFD-BD5145B311CB}.Debug|x86.Build.0 = Debug|Any CPU
		{DD96B82F-0E68-40AB-8EFD-BD5145B311CB}.Release|Any CPU.ActiveCfg = Release|Any CPU
		{DD96B82F-0E68-40AB-8EFD-BD5145B311CB}.Release|Any CPU.Build.0 = Release|Any CPU
		{DD96B82F-0E68-40AB-8EFD-BD5145B311CB}.Release|ARM.ActiveCfg = Release|Any CPU
		{DD96B82F-0E68-40AB-8EFD-BD5145B311CB}.Release|ARM.Build.0 = Release|Any CPU
		{DD96B82F-0E68-40AB-8EFD-BD5145B311CB}.Release|ARM64.ActiveCfg = Release|Any CPU
		{DD96B82F-0E68-40AB-8EFD-BD5145B311CB}.Release|ARM64.Build.0 = Release|Any CPU
		{DD96B82F-0E68-40AB-8EFD-BD5145B311CB}.Release|x64.ActiveCfg = Release|Any CPU
		{DD96B82F-0E68-40AB-8EFD-BD5145B311CB}.Release|x64.Build.0 = Release|Any CPU
		{DD96B82F-0E68-40AB-8EFD-BD5145B311CB}.Release|x86.ActiveCfg = Release|Any CPU
		{DD96B82F-0E68-40AB-8EFD-BD5145B311CB}.Release|x86.Build.0 = Release|Any CPU
		{79C30B0B-721A-449D-A583-92107FFABCAA}.Debug|Any CPU.ActiveCfg = Debug|x86
		{79C30B0B-721A-449D-A583-92107FFABCAA}.Debug|Any CPU.Build.0 = Debug|x86
		{79C30B0B-721A-449D-A583-92107FFABCAA}.Debug|Any CPU.Deploy.0 = Debug|x86
		{79C30B0B-721A-449D-A583-92107FFABCAA}.Debug|ARM.ActiveCfg = Debug|ARM
		{79C30B0B-721A-449D-A583-92107FFABCAA}.Debug|ARM.Build.0 = Debug|ARM
		{79C30B0B-721A-449D-A583-92107FFABCAA}.Debug|ARM.Deploy.0 = Debug|ARM
		{79C30B0B-721A-449D-A583-92107FFABCAA}.Debug|ARM64.ActiveCfg = Debug|ARM64
		{79C30B0B-721A-449D-A583-92107FFABCAA}.Debug|ARM64.Build.0 = Debug|ARM64
		{79C30B0B-721A-449D-A583-92107FFABCAA}.Debug|ARM64.Deploy.0 = Debug|ARM64
		{79C30B0B-721A-449D-A583-92107FFABCAA}.Debug|x64.ActiveCfg = Debug|x64
		{79C30B0B-721A-449D-A583-92107FFABCAA}.Debug|x64.Build.0 = Debug|x64
		{79C30B0B-721A-449D-A583-92107FFABCAA}.Debug|x64.Deploy.0 = Debug|x64
		{79C30B0B-721A-449D-A583-92107FFABCAA}.Debug|x86.ActiveCfg = Debug|x86
		{79C30B0B-721A-449D-A583-92107FFABCAA}.Debug|x86.Build.0 = Debug|x86
		{79C30B0B-721A-449D-A583-92107FFABCAA}.Debug|x86.Deploy.0 = Debug|x86
		{79C30B0B-721A-449D-A583-92107FFABCAA}.Release|Any CPU.ActiveCfg = Release|x86
		{79C30B0B-721A-449D-A583-92107FFABCAA}.Release|ARM.ActiveCfg = Release|ARM
		{79C30B0B-721A-449D-A583-92107FFABCAA}.Release|ARM.Build.0 = Release|ARM
		{79C30B0B-721A-449D-A583-92107FFABCAA}.Release|ARM.Deploy.0 = Release|ARM
		{79C30B0B-721A-449D-A583-92107FFABCAA}.Release|ARM64.ActiveCfg = Release|ARM64
		{79C30B0B-721A-449D-A583-92107FFABCAA}.Release|ARM64.Build.0 = Release|ARM64
		{79C30B0B-721A-449D-A583-92107FFABCAA}.Release|ARM64.Deploy.0 = Release|ARM64
		{79C30B0B-721A-449D-A583-92107FFABCAA}.Release|x64.ActiveCfg = Release|x64
		{79C30B0B-721A-449D-A583-92107FFABCAA}.Release|x64.Build.0 = Release|x64
		{79C30B0B-721A-449D-A583-92107FFABCAA}.Release|x64.Deploy.0 = Release|x64
		{79C30B0B-721A-449D-A583-92107FFABCAA}.Release|x86.ActiveCfg = Release|x86
		{79C30B0B-721A-449D-A583-92107FFABCAA}.Release|x86.Build.0 = Release|x86
		{79C30B0B-721A-449D-A583-92107FFABCAA}.Release|x86.Deploy.0 = Release|x86
	EndGlobalSection
	GlobalSection(SolutionProperties) = preSolution
		HideSolutionNode = FALSE
	EndGlobalSection
	GlobalSection(ExtensibilityGlobals) = postSolution
		SolutionGuid = {CC3CD243-17C9-4F3E-A21D-13C2D7F10434}
	EndGlobalSection
EndGlobal
